<Solution>
  <Folder Name="/benchmarks/">
    <Project Path="benchmarks/Axon.QueryEngine.Benchmarks/Axon.QueryEngine.Benchmarks.csproj" />
  </Folder>
  <Folder Name="/src/">
    <Project Path="src/Axon.QueryEngine.Cli/Axon.QueryEngine.Cli.csproj" />
    <Project Path="src/Axon.QueryEngine/Axon.QueryEngine.csproj" />
  </Folder>
  <Folder Name="/tests/">
    <Project Path="tests/Axon.QueryEngine.Tests/Axon.QueryEngine.Tests.csproj" />
  </Folder>
</Solution>
