<Solution>
  <Folder Name="/benchmarks/">
    <Project Path="benchmarks/DatumQuery.Benchmarks/DatumQuery.Benchmarks.csproj" />
  </Folder>
  <Folder Name="/src/">
    <Project Path="src/DatumQuery.Cli/DatumQuery.Cli.csproj" />
    <Project Path="src/DatumQuery/DatumQuery.csproj" />
  </Folder>
  <Folder Name="/tests/">
    <Project Path="tests/DatumQuery.Tests/DatumQuery.Tests.csproj" />
  </Folder>
</Solution>
